
Microsoft Visual Studio Solution File, Format Version 12.00
# Visual Studio Version 17
VisualStudioVersion = 17.2.32526.322
MinimumVisualStudioVersion = 10.0.40219.1
Project("{FAE04EC0-301F-11D3-BF4B-00C04F79EFBC}") = "TestWikipidia", "TestWikipidia\TestWikipidia.csproj", "{9FA3C218-DD47-40BE-BE61-CD4EB650F21F}"
EndProject
Global
	GlobalSection(SolutionConfigurationPlatforms) = preSolution
		Debug|Any CPU = Debug|Any CPU
		Release|Any CPU = Release|Any CPU
	EndGlobalSection
	GlobalSection(ProjectConfigurationPlatforms) = postSolution
		{9FA3C218-DD47-40BE-BE61-CD4EB650F21F}.Debug|Any CPU.ActiveCfg = Debug|Any CPU
		{9FA3C218-DD47-40BE-BE61-CD4EB650F21F}.Debug|Any CPU.Build.0 = Debug|Any CPU
		{9FA3C218-DD47-40BE-BE61-CD4EB650F21F}.Release|Any CPU.ActiveCfg = Release|Any CPU
		{9FA3C218-DD47-40BE-BE61-CD4EB650F21F}.Release|Any CPU.Build.0 = Release|Any CPU
	EndGlobalSection
	GlobalSection(SolutionProperties) = preSolution
		HideSolutionNode = FALSE
	EndGlobalSection
	GlobalSection(ExtensibilityGlobals) = postSolution
		SolutionGuid = {D53E466D-6D9F-4A10-B911-AE35D0E228CE}
	EndGlobalSection
EndGlobal
